{
    "version": 3,
    "terraform_version": "0.11.3",
    "serial": 2,
    "lineage": "1dc49501-9530-49ab-aefa-efa84c20beb6",
    "modules": [
        {
            "path": [
                "root"
            ],
            "outputs": {
                "asg_name_consul_cluster": {
                    "sensitive": false,
                    "type": "string",
                    "value": "tf-asg-2018022017530187290000000c"
                },
                "asg_name_vault_cluster": {
                    "sensitive": false,
                    "type": "string",
                    "value": "tf-asg-2018022017525633160000000b"
                },
                "aws_region": {
                    "sensitive": false,
                    "type": "string",
                    "value": "us-east-1"
                },
                "iam_role_arn_consul_cluster": {
                    "sensitive": false,
                    "type": "string",
                    "value": "arn:aws:iam::362517826331:role/consul-example20180220175243375800000006"
                },
                "iam_role_arn_vault_cluster": {
                    "sensitive": false,
                    "type": "string",
                    "value": "arn:aws:iam::362517826331:role/vault-example20180220175243374700000004"
                },
                "iam_role_id_consul_cluster": {
                    "sensitive": false,
                    "type": "string",
                    "value": "consul-example20180220175243375800000006"
                },
                "iam_role_id_vault_cluster": {
                    "sensitive": false,
                    "type": "string",
                    "value": "vault-example20180220175243374700000004"
                },
                "launch_config_name_consul_cluster": {
                    "sensitive": false,
                    "type": "string",
                    "value": "consul-example-20180220175244858600000009"
                },
                "launch_config_name_vault_cluster": {
                    "sensitive": false,
                    "type": "string",
                    "value": "vault-example-2018022017524759540000000a"
                },
                "security_group_id_consul_cluster": {
                    "sensitive": false,
                    "type": "string",
                    "value": "sg-c84d79bf"
                },
                "security_group_id_vault_cluster": {
                    "sensitive": false,
                    "type": "string",
                    "value": "sg-e74e7a90"
                },
                "ssh_key_name": {
                    "sensitive": false,
                    "type": "string",
                    "value": "hashicorpKeyPair"
                },
                "this_db_instance_password": {
                    "sensitive": false,
                    "type": "string",
                    "value": "hashicorp"
                },
                "this_db_parameter_group_arn": {
                    "sensitive": false,
                    "type": "string",
                    "value": "arn:aws:rds:us-east-1:362517826331:pg:hshcrpdb-20180220175243374600000003"
                },
                "this_db_parameter_group_id": {
                    "sensitive": false,
                    "type": "string",
                    "value": "hshcrpdb-20180220175243374600000003"
                },
                "this_db_subnet_group_arn": {
                    "sensitive": false,
                    "type": "string",
                    "value": "arn:aws:rds:us-east-1:362517826331:subgrp:hshcrpdb-20180220175243375000000005"
                },
                "this_db_subnet_group_id": {
                    "sensitive": false,
                    "type": "string",
                    "value": "hshcrpdb-20180220175243375000000005"
                },
                "vault_cluster_size": {
                    "sensitive": false,
                    "type": "string",
                    "value": "3"
                },
                "vault_elb_dns_name": {
                    "sensitive": false,
                    "type": "string",
                    "value": "vault-example-1396976066.us-east-1.elb.amazonaws.com"
                },
                "vault_fully_qualified_domain_name": {
                    "sensitive": false,
                    "type": "string",
                    "value": ""
                },
                "vault_servers_cluster_tag_key": {
                    "sensitive": false,
                    "type": "string",
                    "value": "Name"
                },
                "vault_servers_cluster_tag_value": {
                    "sensitive": false,
                    "type": "string",
                    "value": "vault-example"
                }
            },
            "resources": {
                "data.aws_ami.vault_consul": {
                    "type": "aws_ami",
                    "depends_on": [],
                    "primary": {
                        "id": "ami-51e0042c",
                        "attributes": {
                            "architecture": "x86_64",
                            "block_device_mappings.#": "3",
                            "block_device_mappings.1634610537.device_name": "/dev/sdb",
                            "block_device_mappings.1634610537.ebs.%": "0",
                            "block_device_mappings.1634610537.no_device": "",
                            "block_device_mappings.1634610537.virtual_name": "ephemeral0",
                            "block_device_mappings.2547816212.device_name": "/dev/sda1",
                            "block_device_mappings.2547816212.ebs.%": "6",
                            "block_device_mappings.2547816212.ebs.delete_on_termination": "true",
                            "block_device_mappings.2547816212.ebs.encrypted": "false",
                            "block_device_mappings.2547816212.ebs.iops": "0",
                            "block_device_mappings.2547816212.ebs.snapshot_id": "snap-0a33ee5c1760caa0d",
                            "block_device_mappings.2547816212.ebs.volume_size": "8",
                            "block_device_mappings.2547816212.ebs.volume_type": "gp2",
                            "block_device_mappings.2547816212.no_device": "",
                            "block_device_mappings.2547816212.virtual_name": "",
                            "block_device_mappings.3850042718.device_name": "/dev/sdc",
                            "block_device_mappings.3850042718.ebs.%": "0",
                            "block_device_mappings.3850042718.no_device": "",
                            "block_device_mappings.3850042718.virtual_name": "ephemeral1",
                            "creation_date": "2018-02-19T18:13:46.000Z",
                            "description": "vault-consul Ubuntu AMI",
                            "filter.#": "2",
                            "filter.1712848270.name": "name",
                            "filter.1712848270.values.#": "1",
                            "filter.1712848270.values.0": "vault-consul-ubuntu-*",
                            "filter.490168357.name": "virtualization-type",
                            "filter.490168357.values.#": "1",
                            "filter.490168357.values.0": "hvm",
                            "hypervisor": "xen",
                            "id": "ami-51e0042c",
                            "image_id": "ami-51e0042c",
                            "image_location": "362517826331/vault-consul-ubuntu-1604 1519063429",
                            "image_type": "machine",
                            "most_recent": "true",
                            "name": "vault-consul-ubuntu-1604 1519063429",
                            "owner_id": "362517826331",
                            "owners.#": "1",
                            "owners.0": "self",
                            "product_codes.#": "0",
                            "public": "false",
                            "root_device_name": "/dev/sda1",
                            "root_device_type": "ebs",
                            "root_snapshot_id": "snap-0a33ee5c1760caa0d",
                            "sriov_net_support": "simple",
                            "state": "available",
                            "state_reason.%": "2",
                            "state_reason.code": "UNSET",
                            "state_reason.message": "UNSET",
                            "tags.%": "6",
                            "tags.AMI": "vault-consul",
                            "tags.Consul": "Yes",
                            "tags.OS_Name": "Ubuntu",
                            "tags.OS_Version": "16.04",
                            "tags.SHA": "",
                            "tags.Vault": "Yes",
                            "virtualization_type": "hvm"
                        },
                        "meta": {},
                        "tainted": false
                    },
                    "deposed": [],
                    "provider": "provider.aws"
                },
                "data.aws_security_group.default": {
                    "type": "aws_security_group",
                    "depends_on": [
                        "data.aws_vpc.default"
                    ],
                    "primary": {
                        "id": "sg-103f5f67",
                        "attributes": {
                            "arn": "arn:aws:ec2:us-east-1:362517826331:security-group/sg-103f5f67",
                            "description": "default VPC security group",
                            "id": "sg-103f5f67",
                            "name": "default",
                            "tags.%": "0",
                            "vpc_id": "vpc-e3e21098"
                        },
                        "meta": {},
                        "tainted": false
                    },
                    "deposed": [],
                    "provider": "provider.aws"
                },
                "data.aws_subnet_ids.all": {
                    "type": "aws_subnet_ids",
                    "depends_on": [
                        "data.aws_vpc.default"
                    ],
                    "primary": {
                        "id": "vpc-e3e21098",
                        "attributes": {
                            "id": "vpc-e3e21098",
                            "ids.#": "6",
                            "ids.2323022169": "subnet-b2bcfc9d",
                            "ids.2768774911": "subnet-7b7c3144",
                            "ids.354971543": "subnet-a5ebddc1",
                            "ids.3628597500": "subnet-703cf17f",
                            "ids.4286733084": "subnet-50ce8a0d",
                            "ids.638313686": "subnet-22212969",
                            "vpc_id": "vpc-e3e21098"
                        },
                        "meta": {},
                        "tainted": false
                    },
                    "deposed": [],
                    "provider": "provider.aws"
                },
                "data.aws_subnet_ids.default": {
                    "type": "aws_subnet_ids",
                    "depends_on": [
                        "data.aws_vpc.default"
                    ],
                    "primary": {
                        "id": "vpc-e3e21098",
                        "attributes": {
                            "id": "vpc-e3e21098",
                            "ids.#": "6",
                            "ids.2323022169": "subnet-b2bcfc9d",
                            "ids.2768774911": "subnet-7b7c3144",
                            "ids.354971543": "subnet-a5ebddc1",
                            "ids.3628597500": "subnet-703cf17f",
                            "ids.4286733084": "subnet-50ce8a0d",
                            "ids.638313686": "subnet-22212969",
                            "vpc_id": "vpc-e3e21098"
                        },
                        "meta": {},
                        "tainted": false
                    },
                    "deposed": [],
                    "provider": "provider.aws"
                },
                "data.aws_vpc.default": {
                    "type": "aws_vpc",
                    "depends_on": [],
                    "primary": {
                        "id": "vpc-e3e21098",
                        "attributes": {
                            "cidr_block": "172.31.0.0/16",
                            "default": "true",
                            "dhcp_options_id": "dopt-eb9b0592",
                            "enable_dns_hostnames": "true",
                            "enable_dns_support": "true",
                            "id": "vpc-e3e21098",
                            "instance_tenancy": "default",
                            "state": "available",
                            "tags.%": "0"
                        },
                        "meta": {},
                        "tainted": false
                    },
                    "deposed": [],
                    "provider": "provider.aws"
                },
                "data.template_file.user_data_consul": {
                    "type": "template_file",
                    "depends_on": [],
                    "primary": {
                        "id": "e5c67aee9f1321bf736447bbe4a43436e399128099267412d9406dad3bb5ec6d",
                        "attributes": {
                            "id": "e5c67aee9f1321bf736447bbe4a43436e399128099267412d9406dad3bb5ec6d",
                            "rendered": "#!/bin/bash\n# This script is meant to be run in the User Data of each EC2 Instance while it's booting. The script uses the\n# run-consul script to configure and start Consul in server mode. Note that this script assumes it's running in an AMI\n# built from the Packer template in examples/vault-consul-ami/vault-consul.json.\n\nset -e\n\n# Send the log output from this script to user-data.log, syslog, and the console\n# From: https://alestic.com/2010/12/ec2-user-data-output/\nexec \u003e \u003e(tee /var/log/user-data.log|logger -t user-data -s 2\u003e/dev/console) 2\u003e\u00261\n\n# These variables are passed in via Terraform template interpolation\n/opt/consul/bin/run-consul --server --cluster-tag-key \"consul-servers\" --cluster-tag-value \"consul-example\"",
                            "template": "#!/bin/bash\n# This script is meant to be run in the User Data of each EC2 Instance while it's booting. The script uses the\n# run-consul script to configure and start Consul in server mode. Note that this script assumes it's running in an AMI\n# built from the Packer template in examples/vault-consul-ami/vault-consul.json.\n\nset -e\n\n# Send the log output from this script to user-data.log, syslog, and the console\n# From: https://alestic.com/2010/12/ec2-user-data-output/\nexec \u003e \u003e(tee /var/log/user-data.log|logger -t user-data -s 2\u003e/dev/console) 2\u003e\u00261\n\n# These variables are passed in via Terraform template interpolation\n/opt/consul/bin/run-consul --server --cluster-tag-key \"${consul_cluster_tag_key}\" --cluster-tag-value \"${consul_cluster_tag_value}\"",
                            "vars.%": "2",
                            "vars.consul_cluster_tag_key": "consul-servers",
                            "vars.consul_cluster_tag_value": "consul-example"
                        },
                        "meta": {},
                        "tainted": false
                    },
                    "deposed": [],
                    "provider": "provider.template"
                },
                "data.template_file.user_data_vault_cluster": {
                    "type": "template_file",
                    "depends_on": [],
                    "primary": {
                        "id": "dc6d5553ca6288e075d314e7a68658d1606b363449b329d914c57396457940eb",
                        "attributes": {
                            "id": "dc6d5553ca6288e075d314e7a68658d1606b363449b329d914c57396457940eb",
                            "rendered": "#!/bin/bash\n# This script is meant to be run in the User Data of each EC2 Instance while it's booting. The script uses the\n# run-consul script to configure and start Consul in client mode and then the run-vault script to configure and start\n# Vault in server mode. Note that this script assumes it's running in an AMI built from the Packer template in\n# examples/vault-consul-ami/vault-consul.json.\n\nset -e\n\n# Send the log output from this script to user-data.log, syslog, and the console\n# From: https://alestic.com/2010/12/ec2-user-data-output/\nexec \u003e \u003e(tee /var/log/user-data.log|logger -t user-data -s 2\u003e/dev/console) 2\u003e\u00261\n\n# The Packer template puts the TLS certs in these file paths\nreadonly VAULT_TLS_CERT_FILE=\"/opt/vault/tls/vault.crt.pem\"\nreadonly VAULT_TLS_KEY_FILE=\"/opt/vault/tls/vault.key.pem\"\n\n# The cluster_tag variables below are filled in via Terraform interpolation\n/opt/consul/bin/run-consul --client --cluster-tag-key \"consul-servers\" --cluster-tag-value \"consul-example\"\n/opt/vault/bin/run-vault --tls-cert-file \"$VAULT_TLS_CERT_FILE\"  --tls-key-file \"$VAULT_TLS_KEY_FILE\"\n",
                            "template": "#!/bin/bash\n# This script is meant to be run in the User Data of each EC2 Instance while it's booting. The script uses the\n# run-consul script to configure and start Consul in client mode and then the run-vault script to configure and start\n# Vault in server mode. Note that this script assumes it's running in an AMI built from the Packer template in\n# examples/vault-consul-ami/vault-consul.json.\n\nset -e\n\n# Send the log output from this script to user-data.log, syslog, and the console\n# From: https://alestic.com/2010/12/ec2-user-data-output/\nexec \u003e \u003e(tee /var/log/user-data.log|logger -t user-data -s 2\u003e/dev/console) 2\u003e\u00261\n\n# The Packer template puts the TLS certs in these file paths\nreadonly VAULT_TLS_CERT_FILE=\"/opt/vault/tls/vault.crt.pem\"\nreadonly VAULT_TLS_KEY_FILE=\"/opt/vault/tls/vault.key.pem\"\n\n# The cluster_tag variables below are filled in via Terraform interpolation\n/opt/consul/bin/run-consul --client --cluster-tag-key \"${consul_cluster_tag_key}\" --cluster-tag-value \"${consul_cluster_tag_value}\"\n/opt/vault/bin/run-vault --tls-cert-file \"$VAULT_TLS_CERT_FILE\"  --tls-key-file \"$VAULT_TLS_KEY_FILE\"\n",
                            "vars.%": "3",
                            "vars.aws_region": "us-east-1",
                            "vars.consul_cluster_tag_key": "consul-servers",
                            "vars.consul_cluster_tag_value": "consul-example"
                        },
                        "meta": {},
                        "tainted": false
                    },
                    "deposed": [],
                    "provider": "provider.template"
                }
            },
            "depends_on": []
        },
        {
            "path": [
                "root",
                "consul_cluster"
            ],
            "outputs": {
                "asg_name": {
                    "sensitive": false,
                    "type": "string",
                    "value": "tf-asg-2018022017530187290000000c"
                },
                "cluster_size": {
                    "sensitive": false,
                    "type": "string",
                    "value": "3"
                },
                "cluster_tag_key": {
                    "sensitive": false,
                    "type": "string",
                    "value": "consul-servers"
                },
                "cluster_tag_value": {
                    "sensitive": false,
                    "type": "string",
                    "value": "consul-example"
                },
                "iam_role_arn": {
                    "sensitive": false,
                    "type": "string",
                    "value": "arn:aws:iam::362517826331:role/consul-example20180220175243375800000006"
                },
                "iam_role_id": {
                    "sensitive": false,
                    "type": "string",
                    "value": "consul-example20180220175243375800000006"
                },
                "launch_config_name": {
                    "sensitive": false,
                    "type": "string",
                    "value": "consul-example-20180220175244858600000009"
                },
                "security_group_id": {
                    "sensitive": false,
                    "type": "string",
                    "value": "sg-c84d79bf"
                }
            },
            "resources": {
                "aws_autoscaling_group.autoscaling_group": {
                    "type": "aws_autoscaling_group",
                    "depends_on": [
                        "aws_launch_configuration.launch_configuration"
                    ],
                    "primary": {
                        "id": "tf-asg-2018022017530187290000000c",
                        "attributes": {
                            "arn": "arn:aws:autoscaling:us-east-1:362517826331:autoScalingGroup:6c756236-49e9-481d-b25e-1bd2efffc157:autoScalingGroupName/tf-asg-2018022017530187290000000c",
                            "availability_zones.#": "6",
                            "availability_zones.1252502072": "us-east-1f",
                            "availability_zones.1305112097": "us-east-1b",
                            "availability_zones.2762590996": "us-east-1d",
                            "availability_zones.3551460226": "us-east-1e",
                            "availability_zones.3569565595": "us-east-1a",
                            "availability_zones.986537655": "us-east-1c",
                            "default_cooldown": "300",
                            "desired_capacity": "3",
                            "force_delete": "false",
                            "health_check_grace_period": "300",
                            "health_check_type": "EC2",
                            "id": "tf-asg-2018022017530187290000000c",
                            "launch_configuration": "consul-example-20180220175244858600000009",
                            "load_balancers.#": "0",
                            "max_size": "3",
                            "metrics_granularity": "1Minute",
                            "min_size": "3",
                            "name": "tf-asg-2018022017530187290000000c",
                            "placement_group": "",
                            "protect_from_scale_in": "false",
                            "suspended_processes.#": "0",
                            "tag.#": "2",
                            "tag.208704329.key": "Name",
                            "tag.208704329.propagate_at_launch": "true",
                            "tag.208704329.value": "consul-example",
                            "tag.812133174.key": "consul-servers",
                            "tag.812133174.propagate_at_launch": "true",
                            "tag.812133174.value": "consul-example",
                            "target_group_arns.#": "0",
                            "termination_policies.#": "1",
                            "termination_policies.0": "Default",
                            "vpc_zone_identifier.#": "6",
                            "vpc_zone_identifier.2323022169": "subnet-b2bcfc9d",
                            "vpc_zone_identifier.2768774911": "subnet-7b7c3144",
                            "vpc_zone_identifier.354971543": "subnet-a5ebddc1",
                            "vpc_zone_identifier.3628597500": "subnet-703cf17f",
                            "vpc_zone_identifier.4286733084": "subnet-50ce8a0d",
                            "vpc_zone_identifier.638313686": "subnet-22212969",
                            "wait_for_capacity_timeout": "10m"
                        },
                        "meta": {
                            "e2bfb730-ecaa-11e6-8f88-34363bc7c4c0": {
                                "delete": 600000000000
                            }
                        },
                        "tainted": false
                    },
                    "deposed": [],
                    "provider": "provider.aws"
                },
                "aws_iam_instance_profile.instance_profile": {
                    "type": "aws_iam_instance_profile",
                    "depends_on": [
                        "aws_iam_role.instance_role"
                    ],
                    "primary": {
                        "id": "consul-example20180220175243704400000007",
                        "attributes": {
                            "arn": "arn:aws:iam::362517826331:instance-profile/consul-example20180220175243704400000007",
                            "id": "consul-example20180220175243704400000007",
                            "name": "consul-example20180220175243704400000007",
                            "name_prefix": "consul-example",
                            "path": "/",
                            "role": "consul-example20180220175243375800000006",
                            "roles.#": "0",
                            "unique_id": "AIPAJSAH42YE263OUU5J6"
                        },
                        "meta": {},
                        "tainted": false
                    },
                    "deposed": [],
                    "provider": "provider.aws"
                },
                "aws_iam_role.instance_role": {
                    "type": "aws_iam_role",
                    "depends_on": [
                        "data.aws_iam_policy_document.instance_role"
                    ],
                    "primary": {
                        "id": "consul-example20180220175243375800000006",
                        "attributes": {
                            "arn": "arn:aws:iam::362517826331:role/consul-example20180220175243375800000006",
                            "assume_role_policy": "{\"Version\":\"2012-10-17\",\"Statement\":[{\"Sid\":\"\",\"Effect\":\"Allow\",\"Principal\":{\"Service\":\"ec2.amazonaws.com\"},\"Action\":\"sts:AssumeRole\"}]}",
                            "create_date": "2018-02-20T17:52:43Z",
                            "force_detach_policies": "false",
                            "id": "consul-example20180220175243375800000006",
                            "name": "consul-example20180220175243375800000006",
                            "name_prefix": "consul-example",
                            "path": "/",
                            "unique_id": "AROAICBEOROWT3FB3SHME"
                        },
                        "meta": {},
                        "tainted": false
                    },
                    "deposed": [],
                    "provider": "provider.aws"
                },
                "aws_launch_configuration.launch_configuration": {
                    "type": "aws_launch_configuration",
                    "depends_on": [
                        "aws_iam_instance_profile.instance_profile",
                        "aws_security_group.lc_security_group"
                    ],
                    "primary": {
                        "id": "consul-example-20180220175244858600000009",
                        "attributes": {
                            "associate_public_ip_address": "false",
                            "ebs_block_device.#": "0",
                            "ebs_optimized": "false",
                            "enable_monitoring": "true",
                            "ephemeral_block_device.#": "0",
                            "iam_instance_profile": "consul-example20180220175243704400000007",
                            "id": "consul-example-20180220175244858600000009",
                            "image_id": "ami-51e0042c",
                            "instance_type": "t2.micro",
                            "key_name": "hashicorpKeyPair",
                            "name": "consul-example-20180220175244858600000009",
                            "name_prefix": "consul-example-",
                            "placement_tenancy": "default",
                            "root_block_device.#": "1",
                            "root_block_device.0.delete_on_termination": "true",
                            "root_block_device.0.iops": "0",
                            "root_block_device.0.volume_size": "50",
                            "root_block_device.0.volume_type": "standard",
                            "security_groups.#": "1",
                            "security_groups.3476026615": "sg-c84d79bf",
                            "spot_price": "",
                            "user_data": "469b72bcb233039af79a1e393034a2c490d84096",
                            "vpc_classic_link_id": "",
                            "vpc_classic_link_security_groups.#": "0"
                        },
                        "meta": {},
                        "tainted": false
                    },
                    "deposed": [],
                    "provider": "provider.aws"
                },
                "aws_security_group.lc_security_group": {
                    "type": "aws_security_group",
                    "depends_on": [],
                    "primary": {
                        "id": "sg-c84d79bf",
                        "attributes": {
                            "description": "Security group for the consul-example launch configuration",
                            "egress.#": "0",
                            "id": "sg-c84d79bf",
                            "ingress.#": "0",
                            "name": "consul-example20180220175243374200000001",
                            "name_prefix": "consul-example",
                            "owner_id": "362517826331",
                            "revoke_rules_on_delete": "false",
                            "tags.%": "0",
                            "vpc_id": "vpc-e3e21098"
                        },
                        "meta": {
                            "schema_version": "1"
                        },
                        "tainted": false
                    },
                    "deposed": [],
                    "provider": "provider.aws"
                },
                "aws_security_group_rule.allow_all_outbound": {
                    "type": "aws_security_group_rule",
                    "depends_on": [
                        "aws_security_group.lc_security_group"
                    ],
                    "primary": {
                        "id": "sgrule-1739508491",
                        "attributes": {
                            "cidr_blocks.#": "1",
                            "cidr_blocks.0": "0.0.0.0/0",
                            "from_port": "0",
                            "id": "sgrule-1739508491",
                            "protocol": "-1",
                            "security_group_id": "sg-c84d79bf",
                            "self": "false",
                            "to_port": "0",
                            "type": "egress"
                        },
                        "meta": {
                            "schema_version": "2"
                        },
                        "tainted": false
                    },
                    "deposed": [],
                    "provider": "provider.aws"
                },
                "aws_security_group_rule.allow_ssh_inbound": {
                    "type": "aws_security_group_rule",
                    "depends_on": [
                        "aws_security_group.lc_security_group"
                    ],
                    "primary": {
                        "id": "sgrule-3594327402",
                        "attributes": {
                            "cidr_blocks.#": "1",
                            "cidr_blocks.0": "0.0.0.0/0",
                            "from_port": "22",
                            "id": "sgrule-3594327402",
                            "protocol": "tcp",
                            "security_group_id": "sg-c84d79bf",
                            "self": "false",
                            "to_port": "22",
                            "type": "ingress"
                        },
                        "meta": {
                            "schema_version": "2"
                        },
                        "tainted": false
                    },
                    "deposed": [],
                    "provider": "provider.aws"
                },
                "data.aws_iam_policy_document.instance_role": {
                    "type": "aws_iam_policy_document",
                    "depends_on": [],
                    "primary": {
                        "id": "1903849331",
                        "attributes": {
                            "id": "1903849331",
                            "json": "{\n  \"Version\": \"2012-10-17\",\n  \"Statement\": [\n    {\n      \"Sid\": \"\",\n      \"Effect\": \"Allow\",\n      \"Action\": \"sts:AssumeRole\",\n      \"Principal\": {\n        \"Service\": \"ec2.amazonaws.com\"\n      }\n    }\n  ]\n}",
                            "statement.#": "1",
                            "statement.0.actions.#": "1",
                            "statement.0.actions.2528466339": "sts:AssumeRole",
                            "statement.0.condition.#": "0",
                            "statement.0.effect": "Allow",
                            "statement.0.not_actions.#": "0",
                            "statement.0.not_principals.#": "0",
                            "statement.0.not_resources.#": "0",
                            "statement.0.principals.#": "1",
                            "statement.0.principals.1134724139.identifiers.#": "1",
                            "statement.0.principals.1134724139.identifiers.3655884555": "ec2.amazonaws.com",
                            "statement.0.principals.1134724139.type": "Service",
                            "statement.0.resources.#": "0",
                            "statement.0.sid": ""
                        },
                        "meta": {},
                        "tainted": false
                    },
                    "deposed": [],
                    "provider": "provider.aws"
                }
            },
            "depends_on": []
        },
        {
            "path": [
                "root",
                "consul_iam_policies_servers"
            ],
            "outputs": {},
            "resources": {
                "aws_iam_role_policy.auto_discover_cluster": {
                    "type": "aws_iam_role_policy",
                    "depends_on": [
                        "data.aws_iam_policy_document.auto_discover_cluster"
                    ],
                    "primary": {
                        "id": "vault-example20180220175243374700000004:auto-discover-cluster",
                        "attributes": {
                            "id": "vault-example20180220175243374700000004:auto-discover-cluster",
                            "name": "auto-discover-cluster",
                            "policy": "{\n  \"Version\": \"2012-10-17\",\n  \"Statement\": [\n    {\n      \"Sid\": \"\",\n      \"Effect\": \"Allow\",\n      \"Action\": [\n        \"ec2:DescribeTags\",\n        \"ec2:DescribeInstances\",\n        \"autoscaling:DescribeAutoScalingGroups\"\n      ],\n      \"Resource\": \"*\"\n    }\n  ]\n}",
                            "role": "vault-example20180220175243374700000004"
                        },
                        "meta": {},
                        "tainted": false
                    },
                    "deposed": [],
                    "provider": "provider.aws"
                },
                "data.aws_iam_policy_document.auto_discover_cluster": {
                    "type": "aws_iam_policy_document",
                    "depends_on": [],
                    "primary": {
                        "id": "2069168386",
                        "attributes": {
                            "id": "2069168386",
                            "json": "{\n  \"Version\": \"2012-10-17\",\n  \"Statement\": [\n    {\n      \"Sid\": \"\",\n      \"Effect\": \"Allow\",\n      \"Action\": [\n        \"ec2:DescribeTags\",\n        \"ec2:DescribeInstances\",\n        \"autoscaling:DescribeAutoScalingGroups\"\n      ],\n      \"Resource\": \"*\"\n    }\n  ]\n}",
                            "statement.#": "1",
                            "statement.0.actions.#": "3",
                            "statement.0.actions.1274732150": "autoscaling:DescribeAutoScalingGroups",
                            "statement.0.actions.3466923763": "ec2:DescribeInstances",
                            "statement.0.actions.810672830": "ec2:DescribeTags",
                            "statement.0.condition.#": "0",
                            "statement.0.effect": "Allow",
                            "statement.0.not_actions.#": "0",
                            "statement.0.not_principals.#": "0",
                            "statement.0.not_resources.#": "0",
                            "statement.0.principals.#": "0",
                            "statement.0.resources.#": "1",
                            "statement.0.resources.2679715827": "*",
                            "statement.0.sid": ""
                        },
                        "meta": {},
                        "tainted": false
                    },
                    "deposed": [],
                    "provider": "provider.aws"
                }
            },
            "depends_on": []
        },
        {
            "path": [
                "root",
                "db"
            ],
            "outputs": {
                "this_db_instance_password": {
                    "sensitive": false,
                    "type": "string",
                    "value": "hashicorp"
                },
                "this_db_parameter_group_arn": {
                    "sensitive": false,
                    "type": "string",
                    "value": "arn:aws:rds:us-east-1:362517826331:pg:hshcrpdb-20180220175243374600000003"
                },
                "this_db_parameter_group_id": {
                    "sensitive": false,
                    "type": "string",
                    "value": "hshcrpdb-20180220175243374600000003"
                },
                "this_db_subnet_group_arn": {
                    "sensitive": false,
                    "type": "string",
                    "value": "arn:aws:rds:us-east-1:362517826331:subgrp:hshcrpdb-20180220175243375000000005"
                },
                "this_db_subnet_group_id": {
                    "sensitive": false,
                    "type": "string",
                    "value": "hshcrpdb-20180220175243375000000005"
                }
            },
            "resources": {},
            "depends_on": []
        },
        {
            "path": [
                "root",
                "vault_cluster"
            ],
            "outputs": {
                "asg_name": {
                    "sensitive": false,
                    "type": "string",
                    "value": "tf-asg-2018022017525633160000000b"
                },
                "cluster_size": {
                    "sensitive": false,
                    "type": "string",
                    "value": "3"
                },
                "cluster_tag_key": {
                    "sensitive": false,
                    "type": "string",
                    "value": "Name"
                },
                "cluster_tag_value": {
                    "sensitive": false,
                    "type": "string",
                    "value": "vault-example"
                },
                "iam_role_arn": {
                    "sensitive": false,
                    "type": "string",
                    "value": "arn:aws:iam::362517826331:role/vault-example20180220175243374700000004"
                },
                "iam_role_id": {
                    "sensitive": false,
                    "type": "string",
                    "value": "vault-example20180220175243374700000004"
                },
                "launch_config_name": {
                    "sensitive": false,
                    "type": "string",
                    "value": "vault-example-2018022017524759540000000a"
                },
                "s3_bucket_arn": {
                    "sensitive": false,
                    "type": "string",
                    "value": ""
                },
                "security_group_id": {
                    "sensitive": false,
                    "type": "string",
                    "value": "sg-e74e7a90"
                }
            },
            "resources": {
                "aws_autoscaling_group.autoscaling_group": {
                    "type": "aws_autoscaling_group",
                    "depends_on": [
                        "aws_launch_configuration.launch_configuration"
                    ],
                    "primary": {
                        "id": "tf-asg-2018022017525633160000000b",
                        "attributes": {
                            "arn": "arn:aws:autoscaling:us-east-1:362517826331:autoScalingGroup:075352d1-fd11-4fed-9dbc-f3c14805c730:autoScalingGroupName/tf-asg-2018022017525633160000000b",
                            "availability_zones.#": "6",
                            "availability_zones.1252502072": "us-east-1f",
                            "availability_zones.1305112097": "us-east-1b",
                            "availability_zones.2762590996": "us-east-1d",
                            "availability_zones.3551460226": "us-east-1e",
                            "availability_zones.3569565595": "us-east-1a",
                            "availability_zones.986537655": "us-east-1c",
                            "default_cooldown": "300",
                            "desired_capacity": "3",
                            "force_delete": "false",
                            "health_check_grace_period": "300",
                            "health_check_type": "EC2",
                            "id": "tf-asg-2018022017525633160000000b",
                            "launch_configuration": "vault-example-2018022017524759540000000a",
                            "load_balancers.#": "1",
                            "load_balancers.3732962892": "vault-example",
                            "max_size": "3",
                            "metrics_granularity": "1Minute",
                            "min_size": "3",
                            "name": "tf-asg-2018022017525633160000000b",
                            "placement_group": "",
                            "protect_from_scale_in": "false",
                            "suspended_processes.#": "0",
                            "tags.#": "1",
                            "tags.0.%": "3",
                            "tags.0.key": "Name",
                            "tags.0.propagate_at_launch": "1",
                            "tags.0.value": "vault-example",
                            "target_group_arns.#": "0",
                            "termination_policies.#": "1",
                            "termination_policies.0": "Default",
                            "vpc_zone_identifier.#": "6",
                            "vpc_zone_identifier.2323022169": "subnet-b2bcfc9d",
                            "vpc_zone_identifier.2768774911": "subnet-7b7c3144",
                            "vpc_zone_identifier.354971543": "subnet-a5ebddc1",
                            "vpc_zone_identifier.3628597500": "subnet-703cf17f",
                            "vpc_zone_identifier.4286733084": "subnet-50ce8a0d",
                            "vpc_zone_identifier.638313686": "subnet-22212969",
                            "wait_for_capacity_timeout": "10m"
                        },
                        "meta": {
                            "e2bfb730-ecaa-11e6-8f88-34363bc7c4c0": {
                                "delete": 600000000000
                            }
                        },
                        "tainted": false
                    },
                    "deposed": [],
                    "provider": "provider.aws"
                },
                "aws_iam_instance_profile.instance_profile": {
                    "type": "aws_iam_instance_profile",
                    "depends_on": [
                        "aws_iam_role.instance_role"
                    ],
                    "primary": {
                        "id": "vault-example20180220175243704600000008",
                        "attributes": {
                            "arn": "arn:aws:iam::362517826331:instance-profile/vault-example20180220175243704600000008",
                            "id": "vault-example20180220175243704600000008",
                            "name": "vault-example20180220175243704600000008",
                            "name_prefix": "vault-example",
                            "path": "/",
                            "role": "vault-example20180220175243374700000004",
                            "roles.#": "0",
                            "unique_id": "AIPAJ67KFODTEG4UIOJXG"
                        },
                        "meta": {},
                        "tainted": false
                    },
                    "deposed": [],
                    "provider": "provider.aws"
                },
                "aws_iam_role.instance_role": {
                    "type": "aws_iam_role",
                    "depends_on": [
                        "data.aws_iam_policy_document.instance_role"
                    ],
                    "primary": {
                        "id": "vault-example20180220175243374700000004",
                        "attributes": {
                            "arn": "arn:aws:iam::362517826331:role/vault-example20180220175243374700000004",
                            "assume_role_policy": "{\"Version\":\"2012-10-17\",\"Statement\":[{\"Sid\":\"\",\"Effect\":\"Allow\",\"Principal\":{\"Service\":\"ec2.amazonaws.com\"},\"Action\":\"sts:AssumeRole\"}]}",
                            "create_date": "2018-02-20T17:52:43Z",
                            "force_detach_policies": "false",
                            "id": "vault-example20180220175243374700000004",
                            "name": "vault-example20180220175243374700000004",
                            "name_prefix": "vault-example",
                            "path": "/",
                            "unique_id": "AROAJQB775CXOJXKTVCBA"
                        },
                        "meta": {},
                        "tainted": false
                    },
                    "deposed": [],
                    "provider": "provider.aws"
                },
                "aws_launch_configuration.launch_configuration": {
                    "type": "aws_launch_configuration",
                    "depends_on": [
                        "aws_iam_instance_profile.instance_profile",
                        "aws_security_group.lc_security_group",
                        "data.aws_ami.vault_consul"
                    ],
                    "primary": {
                        "id": "vault-example-2018022017524759540000000a",
                        "attributes": {
                            "associate_public_ip_address": "false",
                            "ebs_block_device.#": "0",
                            "ebs_optimized": "false",
                            "enable_monitoring": "true",
                            "ephemeral_block_device.#": "0",
                            "iam_instance_profile": "vault-example20180220175243704600000008",
                            "id": "vault-example-2018022017524759540000000a",
                            "image_id": "ami-51e0042c",
                            "instance_type": "t2.micro",
                            "key_name": "hashicorpKeyPair",
                            "name": "vault-example-2018022017524759540000000a",
                            "name_prefix": "vault-example-",
                            "placement_tenancy": "default",
                            "root_block_device.#": "1",
                            "root_block_device.0.delete_on_termination": "true",
                            "root_block_device.0.iops": "0",
                            "root_block_device.0.volume_size": "50",
                            "root_block_device.0.volume_type": "standard",
                            "security_groups.#": "1",
                            "security_groups.2072030079": "sg-e74e7a90",
                            "spot_price": "",
                            "user_data": "4f5cba88711e8259eb63785a370b05e61fdaee2e",
                            "vpc_classic_link_id": "",
                            "vpc_classic_link_security_groups.#": "0"
                        },
                        "meta": {},
                        "tainted": false
                    },
                    "deposed": [],
                    "provider": "provider.aws"
                },
                "aws_security_group.lc_security_group": {
                    "type": "aws_security_group",
                    "depends_on": [],
                    "primary": {
                        "id": "sg-e74e7a90",
                        "attributes": {
                            "description": "Security group for the vault-example launch configuration",
                            "egress.#": "0",
                            "id": "sg-e74e7a90",
                            "ingress.#": "0",
                            "name": "vault-example20180220175243374500000002",
                            "name_prefix": "vault-example",
                            "owner_id": "362517826331",
                            "revoke_rules_on_delete": "false",
                            "tags.%": "0",
                            "vpc_id": "vpc-e3e21098"
                        },
                        "meta": {
                            "schema_version": "1"
                        },
                        "tainted": false
                    },
                    "deposed": [],
                    "provider": "provider.aws"
                },
                "aws_security_group_rule.allow_all_outbound": {
                    "type": "aws_security_group_rule",
                    "depends_on": [
                        "aws_security_group.lc_security_group"
                    ],
                    "primary": {
                        "id": "sgrule-4033006057",
                        "attributes": {
                            "cidr_blocks.#": "1",
                            "cidr_blocks.0": "0.0.0.0/0",
                            "from_port": "0",
                            "id": "sgrule-4033006057",
                            "protocol": "-1",
                            "security_group_id": "sg-e74e7a90",
                            "self": "false",
                            "to_port": "0",
                            "type": "egress"
                        },
                        "meta": {
                            "schema_version": "2"
                        },
                        "tainted": false
                    },
                    "deposed": [],
                    "provider": "provider.aws"
                },
                "aws_security_group_rule.allow_ssh_inbound_from_cidr_blocks": {
                    "type": "aws_security_group_rule",
                    "depends_on": [
                        "aws_security_group.lc_security_group"
                    ],
                    "primary": {
                        "id": "sgrule-2237334416",
                        "attributes": {
                            "cidr_blocks.#": "1",
                            "cidr_blocks.0": "0.0.0.0/0",
                            "from_port": "22",
                            "id": "sgrule-2237334416",
                            "protocol": "tcp",
                            "security_group_id": "sg-e74e7a90",
                            "self": "false",
                            "to_port": "22",
                            "type": "ingress"
                        },
                        "meta": {
                            "schema_version": "2"
                        },
                        "tainted": false
                    },
                    "deposed": [],
                    "provider": "provider.aws"
                },
                "data.aws_ami.vault_consul": {
                    "type": "aws_ami",
                    "depends_on": [],
                    "primary": {
                        "id": "ami-51e0042c",
                        "attributes": {
                            "architecture": "x86_64",
                            "block_device_mappings.#": "3",
                            "block_device_mappings.1634610537.device_name": "/dev/sdb",
                            "block_device_mappings.1634610537.ebs.%": "0",
                            "block_device_mappings.1634610537.no_device": "",
                            "block_device_mappings.1634610537.virtual_name": "ephemeral0",
                            "block_device_mappings.2547816212.device_name": "/dev/sda1",
                            "block_device_mappings.2547816212.ebs.%": "6",
                            "block_device_mappings.2547816212.ebs.delete_on_termination": "true",
                            "block_device_mappings.2547816212.ebs.encrypted": "false",
                            "block_device_mappings.2547816212.ebs.iops": "0",
                            "block_device_mappings.2547816212.ebs.snapshot_id": "snap-0a33ee5c1760caa0d",
                            "block_device_mappings.2547816212.ebs.volume_size": "8",
                            "block_device_mappings.2547816212.ebs.volume_type": "gp2",
                            "block_device_mappings.2547816212.no_device": "",
                            "block_device_mappings.2547816212.virtual_name": "",
                            "block_device_mappings.3850042718.device_name": "/dev/sdc",
                            "block_device_mappings.3850042718.ebs.%": "0",
                            "block_device_mappings.3850042718.no_device": "",
                            "block_device_mappings.3850042718.virtual_name": "ephemeral1",
                            "creation_date": "2018-02-19T18:13:46.000Z",
                            "description": "vault-consul Ubuntu AMI",
                            "filter.#": "2",
                            "filter.1712848270.name": "name",
                            "filter.1712848270.values.#": "1",
                            "filter.1712848270.values.0": "vault-consul-ubuntu-*",
                            "filter.490168357.name": "virtualization-type",
                            "filter.490168357.values.#": "1",
                            "filter.490168357.values.0": "hvm",
                            "hypervisor": "xen",
                            "id": "ami-51e0042c",
                            "image_id": "ami-51e0042c",
                            "image_location": "362517826331/vault-consul-ubuntu-1604 1519063429",
                            "image_type": "machine",
                            "most_recent": "true",
                            "name": "vault-consul-ubuntu-1604 1519063429",
                            "owner_id": "362517826331",
                            "owners.#": "1",
                            "owners.0": "self",
                            "product_codes.#": "0",
                            "public": "false",
                            "root_device_name": "/dev/sda1",
                            "root_device_type": "ebs",
                            "root_snapshot_id": "snap-0a33ee5c1760caa0d",
                            "sriov_net_support": "simple",
                            "state": "available",
                            "state_reason.%": "2",
                            "state_reason.code": "UNSET",
                            "state_reason.message": "UNSET",
                            "tags.%": "6",
                            "tags.AMI": "vault-consul",
                            "tags.Consul": "Yes",
                            "tags.OS_Name": "Ubuntu",
                            "tags.OS_Version": "16.04",
                            "tags.SHA": "",
                            "tags.Vault": "Yes",
                            "virtualization_type": "hvm"
                        },
                        "meta": {},
                        "tainted": false
                    },
                    "deposed": [],
                    "provider": "provider.aws"
                },
                "data.aws_iam_policy_document.instance_role": {
                    "type": "aws_iam_policy_document",
                    "depends_on": [],
                    "primary": {
                        "id": "1903849331",
                        "attributes": {
                            "id": "1903849331",
                            "json": "{\n  \"Version\": \"2012-10-17\",\n  \"Statement\": [\n    {\n      \"Sid\": \"\",\n      \"Effect\": \"Allow\",\n      \"Action\": \"sts:AssumeRole\",\n      \"Principal\": {\n        \"Service\": \"ec2.amazonaws.com\"\n      }\n    }\n  ]\n}",
                            "statement.#": "1",
                            "statement.0.actions.#": "1",
                            "statement.0.actions.2528466339": "sts:AssumeRole",
                            "statement.0.condition.#": "0",
                            "statement.0.effect": "Allow",
                            "statement.0.not_actions.#": "0",
                            "statement.0.not_principals.#": "0",
                            "statement.0.not_resources.#": "0",
                            "statement.0.principals.#": "1",
                            "statement.0.principals.1134724139.identifiers.#": "1",
                            "statement.0.principals.1134724139.identifiers.3655884555": "ec2.amazonaws.com",
                            "statement.0.principals.1134724139.type": "Service",
                            "statement.0.resources.#": "0",
                            "statement.0.sid": ""
                        },
                        "meta": {},
                        "tainted": false
                    },
                    "deposed": [],
                    "provider": "provider.aws"
                }
            },
            "depends_on": []
        },
        {
            "path": [
                "root",
                "vault_elb"
            ],
            "outputs": {
                "fully_qualified_domain_name": {
                    "sensitive": false,
                    "type": "string",
                    "value": ""
                },
                "load_balancer_dns_name": {
                    "sensitive": false,
                    "type": "string",
                    "value": "vault-example-1396976066.us-east-1.elb.amazonaws.com"
                },
                "load_balancer_name": {
                    "sensitive": false,
                    "type": "string",
                    "value": "vault-example"
                },
                "load_balancer_security_group_id": {
                    "sensitive": false,
                    "type": "string",
                    "value": "sg-c24074b5"
                },
                "load_balancer_zone_id": {
                    "sensitive": false,
                    "type": "string",
                    "value": "Z35SXDOTRQ7X7K"
                }
            },
            "resources": {
                "aws_elb.vault": {
                    "type": "aws_elb",
                    "depends_on": [
                        "aws_security_group.vault"
                    ],
                    "primary": {
                        "id": "vault-example",
                        "attributes": {
                            "access_logs.#": "0",
                            "arn": "arn:aws:elasticloadbalancing:us-east-1:362517826331:loadbalancer/vault-example",
                            "availability_zones.#": "6",
                            "availability_zones.1252502072": "us-east-1f",
                            "availability_zones.1305112097": "us-east-1b",
                            "availability_zones.2762590996": "us-east-1d",
                            "availability_zones.3551460226": "us-east-1e",
                            "availability_zones.3569565595": "us-east-1a",
                            "availability_zones.986537655": "us-east-1c",
                            "connection_draining": "true",
                            "connection_draining_timeout": "300",
                            "cross_zone_load_balancing": "true",
                            "dns_name": "vault-example-1396976066.us-east-1.elb.amazonaws.com",
                            "health_check.#": "1",
                            "health_check.0.healthy_threshold": "2",
                            "health_check.0.interval": "15",
                            "health_check.0.target": "HTTPS:8200/v1/sys/health?standbyok=true",
                            "health_check.0.timeout": "5",
                            "health_check.0.unhealthy_threshold": "2",
                            "id": "vault-example",
                            "idle_timeout": "60",
                            "instances.#": "0",
                            "internal": "false",
                            "listener.#": "1",
                            "listener.2355508663.instance_port": "8200",
                            "listener.2355508663.instance_protocol": "tcp",
                            "listener.2355508663.lb_port": "443",
                            "listener.2355508663.lb_protocol": "tcp",
                            "listener.2355508663.ssl_certificate_id": "",
                            "name": "vault-example",
                            "security_groups.#": "1",
                            "security_groups.1551258031": "sg-c24074b5",
                            "source_security_group": "362517826331/vault-example-elb",
                            "source_security_group_id": "sg-c24074b5",
                            "subnets.#": "6",
                            "subnets.2323022169": "subnet-b2bcfc9d",
                            "subnets.2768774911": "subnet-7b7c3144",
                            "subnets.354971543": "subnet-a5ebddc1",
                            "subnets.3628597500": "subnet-703cf17f",
                            "subnets.4286733084": "subnet-50ce8a0d",
                            "subnets.638313686": "subnet-22212969",
                            "tags.%": "1",
                            "tags.Name": "vault-example",
                            "zone_id": "Z35SXDOTRQ7X7K"
                        },
                        "meta": {},
                        "tainted": false
                    },
                    "deposed": [],
                    "provider": "provider.aws"
                },
                "aws_security_group.vault": {
                    "type": "aws_security_group",
                    "depends_on": [],
                    "primary": {
                        "id": "sg-c24074b5",
                        "attributes": {
                            "description": "Security group for the vault-example ELB",
                            "egress.#": "0",
                            "id": "sg-c24074b5",
                            "ingress.#": "0",
                            "name": "vault-example-elb",
                            "owner_id": "362517826331",
                            "revoke_rules_on_delete": "false",
                            "tags.%": "0",
                            "vpc_id": "vpc-e3e21098"
                        },
                        "meta": {
                            "schema_version": "1"
                        },
                        "tainted": false
                    },
                    "deposed": [],
                    "provider": "provider.aws"
                },
                "aws_security_group_rule.allow_all_outbound": {
                    "type": "aws_security_group_rule",
                    "depends_on": [
                        "aws_security_group.vault"
                    ],
                    "primary": {
                        "id": "sgrule-1301901404",
                        "attributes": {
                            "cidr_blocks.#": "1",
                            "cidr_blocks.0": "0.0.0.0/0",
                            "from_port": "0",
                            "id": "sgrule-1301901404",
                            "protocol": "-1",
                            "security_group_id": "sg-c24074b5",
                            "self": "false",
                            "to_port": "0",
                            "type": "egress"
                        },
                        "meta": {
                            "schema_version": "2"
                        },
                        "tainted": false
                    },
                    "deposed": [],
                    "provider": "provider.aws"
                },
                "aws_security_group_rule.allow_inbound_api": {
                    "type": "aws_security_group_rule",
                    "depends_on": [
                        "aws_security_group.vault"
                    ],
                    "primary": {
                        "id": "sgrule-2914577904",
                        "attributes": {
                            "cidr_blocks.#": "1",
                            "cidr_blocks.0": "0.0.0.0/0",
                            "from_port": "443",
                            "id": "sgrule-2914577904",
                            "protocol": "tcp",
                            "security_group_id": "sg-c24074b5",
                            "self": "false",
                            "to_port": "443",
                            "type": "ingress"
                        },
                        "meta": {
                            "schema_version": "2"
                        },
                        "tainted": false
                    },
                    "deposed": [],
                    "provider": "provider.aws"
                }
            },
            "depends_on": []
        },
        {
            "path": [
                "root",
                "consul_cluster",
                "iam_policies"
            ],
            "outputs": {},
            "resources": {
                "aws_iam_role_policy.auto_discover_cluster": {
                    "type": "aws_iam_role_policy",
                    "depends_on": [
                        "data.aws_iam_policy_document.auto_discover_cluster"
                    ],
                    "primary": {
                        "id": "consul-example20180220175243375800000006:auto-discover-cluster",
                        "attributes": {
                            "id": "consul-example20180220175243375800000006:auto-discover-cluster",
                            "name": "auto-discover-cluster",
                            "policy": "{\n  \"Version\": \"2012-10-17\",\n  \"Statement\": [\n    {\n      \"Sid\": \"\",\n      \"Effect\": \"Allow\",\n      \"Action\": [\n        \"ec2:DescribeTags\",\n        \"ec2:DescribeInstances\",\n        \"autoscaling:DescribeAutoScalingGroups\"\n      ],\n      \"Resource\": \"*\"\n    }\n  ]\n}",
                            "role": "consul-example20180220175243375800000006"
                        },
                        "meta": {},
                        "tainted": false
                    },
                    "deposed": [],
                    "provider": "provider.aws"
                },
                "data.aws_iam_policy_document.auto_discover_cluster": {
                    "type": "aws_iam_policy_document",
                    "depends_on": [],
                    "primary": {
                        "id": "2069168386",
                        "attributes": {
                            "id": "2069168386",
                            "json": "{\n  \"Version\": \"2012-10-17\",\n  \"Statement\": [\n    {\n      \"Sid\": \"\",\n      \"Effect\": \"Allow\",\n      \"Action\": [\n        \"ec2:DescribeTags\",\n        \"ec2:DescribeInstances\",\n        \"autoscaling:DescribeAutoScalingGroups\"\n      ],\n      \"Resource\": \"*\"\n    }\n  ]\n}",
                            "statement.#": "1",
                            "statement.0.actions.#": "3",
                            "statement.0.actions.1274732150": "autoscaling:DescribeAutoScalingGroups",
                            "statement.0.actions.3466923763": "ec2:DescribeInstances",
                            "statement.0.actions.810672830": "ec2:DescribeTags",
                            "statement.0.condition.#": "0",
                            "statement.0.effect": "Allow",
                            "statement.0.not_actions.#": "0",
                            "statement.0.not_principals.#": "0",
                            "statement.0.not_resources.#": "0",
                            "statement.0.principals.#": "0",
                            "statement.0.resources.#": "1",
                            "statement.0.resources.2679715827": "*",
                            "statement.0.sid": ""
                        },
                        "meta": {},
                        "tainted": false
                    },
                    "deposed": [],
                    "provider": "provider.aws"
                }
            },
            "depends_on": []
        },
        {
            "path": [
                "root",
                "consul_cluster",
                "security_group_rules"
            ],
            "outputs": {},
            "resources": {
                "aws_security_group_rule.allow_cli_rpc_inbound": {
                    "type": "aws_security_group_rule",
                    "depends_on": [],
                    "primary": {
                        "id": "sgrule-918812712",
                        "attributes": {
                            "cidr_blocks.#": "1",
                            "cidr_blocks.0": "0.0.0.0/0",
                            "from_port": "8400",
                            "id": "sgrule-918812712",
                            "protocol": "tcp",
                            "security_group_id": "sg-c84d79bf",
                            "self": "false",
                            "to_port": "8400",
                            "type": "ingress"
                        },
                        "meta": {
                            "schema_version": "2"
                        },
                        "tainted": false
                    },
                    "deposed": [],
                    "provider": "provider.aws"
                },
                "aws_security_group_rule.allow_dns_tcp_inbound": {
                    "type": "aws_security_group_rule",
                    "depends_on": [],
                    "primary": {
                        "id": "sgrule-1044800229",
                        "attributes": {
                            "cidr_blocks.#": "1",
                            "cidr_blocks.0": "0.0.0.0/0",
                            "from_port": "8600",
                            "id": "sgrule-1044800229",
                            "protocol": "tcp",
                            "security_group_id": "sg-c84d79bf",
                            "self": "false",
                            "to_port": "8600",
                            "type": "ingress"
                        },
                        "meta": {
                            "schema_version": "2"
                        },
                        "tainted": false
                    },
                    "deposed": [],
                    "provider": "provider.aws"
                },
                "aws_security_group_rule.allow_dns_udp_inbound": {
                    "type": "aws_security_group_rule",
                    "depends_on": [],
                    "primary": {
                        "id": "sgrule-1082753149",
                        "attributes": {
                            "cidr_blocks.#": "1",
                            "cidr_blocks.0": "0.0.0.0/0",
                            "from_port": "8600",
                            "id": "sgrule-1082753149",
                            "protocol": "udp",
                            "security_group_id": "sg-c84d79bf",
                            "self": "false",
                            "to_port": "8600",
                            "type": "ingress"
                        },
                        "meta": {
                            "schema_version": "2"
                        },
                        "tainted": false
                    },
                    "deposed": [],
                    "provider": "provider.aws"
                },
                "aws_security_group_rule.allow_http_api_inbound": {
                    "type": "aws_security_group_rule",
                    "depends_on": [],
                    "primary": {
                        "id": "sgrule-3745101422",
                        "attributes": {
                            "cidr_blocks.#": "1",
                            "cidr_blocks.0": "0.0.0.0/0",
                            "from_port": "8500",
                            "id": "sgrule-3745101422",
                            "protocol": "tcp",
                            "security_group_id": "sg-c84d79bf",
                            "self": "false",
                            "to_port": "8500",
                            "type": "ingress"
                        },
                        "meta": {
                            "schema_version": "2"
                        },
                        "tainted": false
                    },
                    "deposed": [],
                    "provider": "provider.aws"
                },
                "aws_security_group_rule.allow_serf_lan_tcp_inbound": {
                    "type": "aws_security_group_rule",
                    "depends_on": [],
                    "primary": {
                        "id": "sgrule-613786938",
                        "attributes": {
                            "cidr_blocks.#": "1",
                            "cidr_blocks.0": "0.0.0.0/0",
                            "from_port": "8301",
                            "id": "sgrule-613786938",
                            "protocol": "tcp",
                            "security_group_id": "sg-c84d79bf",
                            "self": "false",
                            "to_port": "8301",
                            "type": "ingress"
                        },
                        "meta": {
                            "schema_version": "2"
                        },
                        "tainted": false
                    },
                    "deposed": [],
                    "provider": "provider.aws"
                },
                "aws_security_group_rule.allow_serf_lan_udp_inbound": {
                    "type": "aws_security_group_rule",
                    "depends_on": [],
                    "primary": {
                        "id": "sgrule-1515866018",
                        "attributes": {
                            "cidr_blocks.#": "1",
                            "cidr_blocks.0": "0.0.0.0/0",
                            "from_port": "8301",
                            "id": "sgrule-1515866018",
                            "protocol": "udp",
                            "security_group_id": "sg-c84d79bf",
                            "self": "false",
                            "to_port": "8301",
                            "type": "ingress"
                        },
                        "meta": {
                            "schema_version": "2"
                        },
                        "tainted": false
                    },
                    "deposed": [],
                    "provider": "provider.aws"
                },
                "aws_security_group_rule.allow_serf_wan_tcp_inbound": {
                    "type": "aws_security_group_rule",
                    "depends_on": [],
                    "primary": {
                        "id": "sgrule-3649267582",
                        "attributes": {
                            "cidr_blocks.#": "1",
                            "cidr_blocks.0": "0.0.0.0/0",
                            "from_port": "8302",
                            "id": "sgrule-3649267582",
                            "protocol": "tcp",
                            "security_group_id": "sg-c84d79bf",
                            "self": "false",
                            "to_port": "8302",
                            "type": "ingress"
                        },
                        "meta": {
                            "schema_version": "2"
                        },
                        "tainted": false
                    },
                    "deposed": [],
                    "provider": "provider.aws"
                },
                "aws_security_group_rule.allow_serf_wan_udp_inbound": {
                    "type": "aws_security_group_rule",
                    "depends_on": [],
                    "primary": {
                        "id": "sgrule-2806810086",
                        "attributes": {
                            "cidr_blocks.#": "1",
                            "cidr_blocks.0": "0.0.0.0/0",
                            "from_port": "8302",
                            "id": "sgrule-2806810086",
                            "protocol": "udp",
                            "security_group_id": "sg-c84d79bf",
                            "self": "false",
                            "to_port": "8302",
                            "type": "ingress"
                        },
                        "meta": {
                            "schema_version": "2"
                        },
                        "tainted": false
                    },
                    "deposed": [],
                    "provider": "provider.aws"
                },
                "aws_security_group_rule.allow_server_rpc_inbound": {
                    "type": "aws_security_group_rule",
                    "depends_on": [],
                    "primary": {
                        "id": "sgrule-3333888313",
                        "attributes": {
                            "cidr_blocks.#": "1",
                            "cidr_blocks.0": "0.0.0.0/0",
                            "from_port": "8300",
                            "id": "sgrule-3333888313",
                            "protocol": "tcp",
                            "security_group_id": "sg-c84d79bf",
                            "self": "false",
                            "to_port": "8300",
                            "type": "ingress"
                        },
                        "meta": {
                            "schema_version": "2"
                        },
                        "tainted": false
                    },
                    "deposed": [],
                    "provider": "provider.aws"
                }
            },
            "depends_on": []
        },
        {
            "path": [
                "root",
                "db",
                "db_instance"
            ],
            "outputs": {
                "this_db_instance_password": {
                    "sensitive": false,
                    "type": "string",
                    "value": "hashicorp"
                }
            },
            "resources": {},
            "depends_on": []
        },
        {
            "path": [
                "root",
                "db",
                "db_parameter_group"
            ],
            "outputs": {
                "this_db_parameter_group_arn": {
                    "sensitive": false,
                    "type": "string",
                    "value": "arn:aws:rds:us-east-1:362517826331:pg:hshcrpdb-20180220175243374600000003"
                },
                "this_db_parameter_group_id": {
                    "sensitive": false,
                    "type": "string",
                    "value": "hshcrpdb-20180220175243374600000003"
                }
            },
            "resources": {
                "aws_db_parameter_group.this": {
                    "type": "aws_db_parameter_group",
                    "depends_on": [],
                    "primary": {
                        "id": "hshcrpdb-20180220175243374600000003",
                        "attributes": {
                            "arn": "arn:aws:rds:us-east-1:362517826331:pg:hshcrpdb-20180220175243374600000003",
                            "description": "Database parameter group for hshcrpdb",
                            "family": "oracle-se2-12.1",
                            "id": "hshcrpdb-20180220175243374600000003",
                            "name": "hshcrpdb-20180220175243374600000003",
                            "name_prefix": "hshcrpdb-",
                            "parameter.#": "0",
                            "tags.%": "3",
                            "tags.Environment": "dev",
                            "tags.Name": "hshcrpdb",
                            "tags.Owner": "Deepak for Hashicorp"
                        },
                        "meta": {},
                        "tainted": false
                    },
                    "deposed": [],
                    "provider": "provider.aws"
                }
            },
            "depends_on": []
        },
        {
            "path": [
                "root",
                "db",
                "db_subnet_group"
            ],
            "outputs": {
                "this_db_subnet_group_arn": {
                    "sensitive": false,
                    "type": "string",
                    "value": "arn:aws:rds:us-east-1:362517826331:subgrp:hshcrpdb-20180220175243375000000005"
                },
                "this_db_subnet_group_id": {
                    "sensitive": false,
                    "type": "string",
                    "value": "hshcrpdb-20180220175243375000000005"
                }
            },
            "resources": {
                "aws_db_subnet_group.this": {
                    "type": "aws_db_subnet_group",
                    "depends_on": [],
                    "primary": {
                        "id": "hshcrpdb-20180220175243375000000005",
                        "attributes": {
                            "arn": "arn:aws:rds:us-east-1:362517826331:subgrp:hshcrpdb-20180220175243375000000005",
                            "description": "Database subnet group for hshcrpdb",
                            "id": "hshcrpdb-20180220175243375000000005",
                            "name": "hshcrpdb-20180220175243375000000005",
                            "name_prefix": "hshcrpdb-",
                            "subnet_ids.#": "6",
                            "subnet_ids.2323022169": "subnet-b2bcfc9d",
                            "subnet_ids.2768774911": "subnet-7b7c3144",
                            "subnet_ids.354971543": "subnet-a5ebddc1",
                            "subnet_ids.3628597500": "subnet-703cf17f",
                            "subnet_ids.4286733084": "subnet-50ce8a0d",
                            "subnet_ids.638313686": "subnet-22212969",
                            "tags.%": "3",
                            "tags.Environment": "dev",
                            "tags.Name": "hshcrpdb",
                            "tags.Owner": "Deepak for Hashicorp"
                        },
                        "meta": {},
                        "tainted": false
                    },
                    "deposed": [],
                    "provider": "provider.aws"
                }
            },
            "depends_on": []
        },
        {
            "path": [
                "root",
                "vault_cluster",
                "security_group_rules"
            ],
            "outputs": {},
            "resources": {
                "aws_security_group_rule.allow_api_inbound_from_cidr_blocks": {
                    "type": "aws_security_group_rule",
                    "depends_on": [],
                    "primary": {
                        "id": "sgrule-536392209",
                        "attributes": {
                            "cidr_blocks.#": "1",
                            "cidr_blocks.0": "0.0.0.0/0",
                            "from_port": "8200",
                            "id": "sgrule-536392209",
                            "protocol": "tcp",
                            "security_group_id": "sg-e74e7a90",
                            "self": "false",
                            "to_port": "8200",
                            "type": "ingress"
                        },
                        "meta": {
                            "schema_version": "2"
                        },
                        "tainted": false
                    },
                    "deposed": [],
                    "provider": "provider.aws"
                },
                "aws_security_group_rule.allow_cluster_inbound_from_self": {
                    "type": "aws_security_group_rule",
                    "depends_on": [],
                    "primary": {
                        "id": "sgrule-976715359",
                        "attributes": {
                            "from_port": "8201",
                            "id": "sgrule-976715359",
                            "protocol": "tcp",
                            "security_group_id": "sg-e74e7a90",
                            "self": "true",
                            "to_port": "8201",
                            "type": "ingress"
                        },
                        "meta": {
                            "schema_version": "2"
                        },
                        "tainted": false
                    },
                    "deposed": [],
                    "provider": "provider.aws"
                }
            },
            "depends_on": []
        }
    ]
}
